// !$*UTF8*$!
{
	archiveVersion = 1;
	classes = {
	};
	objectVersion = 46;
	objects = {

/* Begin PBXBuildFile section */
		8905AB7D19D906F70006CF15 /* cump in Resources */ = {isa = PBXBuildFile; fileRef = 8905AB7A19D906F70006CF15 /* cump */; };
		8905AB7F19D906F70006CF15 /* Fishtales in Resources */ = {isa = PBXBuildFile; fileRef = 8905AB7C19D906F70006CF15 /* Fishtales */; };
		891049F919CD300000CA223E /* audios_bg.mp3 in Resources */ = {isa = PBXBuildFile; fileRef = 891049DE19CD300000CA223E /* audios_bg.mp3 */; };
		891049FA19CD300000CA223E /* audios_btn.wav in Resources */ = {isa = PBXBuildFile; fileRef = 891049DF19CD300000CA223E /* audios_btn.wav */; };
		891049FB19CD300000CA223E /* audios_complete.mp3 in Resources */ = {isa = PBXBuildFile; fileRef = 891049E019CD300000CA223E /* audios_complete.mp3 */; };
		891049FC19CD300000CA223E /* audios_eatfish1.mp3 in Resources */ = {isa = PBXBuildFile; fileRef = 891049E119CD300000CA223E /* audios_eatfish1.mp3 */; };
		891049FD19CD300000CA223E /* audios_eatfish2.mp3 in Resources */ = {isa = PBXBuildFile; fileRef = 891049E219CD300000CA223E /* audios_eatfish2.mp3 */; };
		891049FE19CD300000CA223E /* audios_eatgold.mp3 in Resources */ = {isa = PBXBuildFile; fileRef = 891049E319CD300000CA223E /* audios_eatgold.mp3 */; };
		891049FF19CD300000CA223E /* audios_fishstart.mp3 in Resources */ = {isa = PBXBuildFile; fileRef = 891049E419CD300000CA223E /* audios_fishstart.mp3 */; };
		89104A0019CD300000CA223E /* audios_growth.mp3 in Resources */ = {isa = PBXBuildFile; fileRef = 891049E519CD300000CA223E /* audios_growth.mp3 */; };
		89104A0119CD300000CA223E /* audios_jellyfish.mp3 in Resources */ = {isa = PBXBuildFile; fileRef = 891049E619CD300000CA223E /* audios_jellyfish.mp3 */; };
		89104A0219CD300000CA223E /* audios_playbyeat.mp3 in Resources */ = {isa = PBXBuildFile; fileRef = 891049E719CD300000CA223E /* audios_playbyeat.mp3 */; };
		89104A0319CD300000CA223E /* bg1.png in Resources */ = {isa = PBXBuildFile; fileRef = 891049E819CD300000CA223E /* bg1.png */; };
		89104A0419CD300000CA223E /* bg2.png in Resources */ = {isa = PBXBuildFile; fileRef = 891049E919CD300000CA223E /* bg2.png */; };
		89104A0519CD300000CA223E /* bg3.png in Resources */ = {isa = PBXBuildFile; fileRef = 891049EA19CD300000CA223E /* bg3.png */; };
		89104A0619CD300000CA223E /* btn1_dw.png in Resources */ = {isa = PBXBuildFile; fileRef = 891049EB19CD300000CA223E /* btn1_dw.png */; };
		89104A0719CD300000CA223E /* btn1_up.png in Resources */ = {isa = PBXBuildFile; fileRef = 891049EC19CD300000CA223E /* btn1_up.png */; };
		89104A0819CD300000CA223E /* btn2_dw.png in Resources */ = {isa = PBXBuildFile; fileRef = 891049ED19CD300000CA223E /* btn2_dw.png */; };
		89104A0919CD300000CA223E /* btn2_up.png in Resources */ = {isa = PBXBuildFile; fileRef = 891049EE19CD300000CA223E /* btn2_up.png */; };
		89104A0A19CD300000CA223E /* Default.png in Resources */ = {isa = PBXBuildFile; fileRef = 891049EF19CD300000CA223E /* Default.png */; };
		89104A1019CD300000CA223E /* pause_dw.png in Resources */ = {isa = PBXBuildFile; fileRef = 891049F519CD300000CA223E /* pause_dw.png */; };
		89104A1119CD300000CA223E /* pause_up.png in Resources */ = {isa = PBXBuildFile; fileRef = 891049F619CD300000CA223E /* pause_up.png */; };
		89104A1219CD300000CA223E /* progressk.png in Resources */ = {isa = PBXBuildFile; fileRef = 891049F719CD300000CA223E /* progressk.png */; };
		89104A1319CD300000CA223E /* scene_start_title.png in Resources */ = {isa = PBXBuildFile; fileRef = 891049F819CD300000CA223E /* scene_start_title.png */; };
		89104A1719CD33C200CA223E /* EFObjEnemyFishNode.swift in Sources */ = {isa = PBXBuildFile; fileRef = 89104A1619CD33C200CA223E /* EFObjEnemyFishNode.swift */; };
		89104A1919CD352500CA223E /* EFStartScene.sks in Resources */ = {isa = PBXBuildFile; fileRef = 89104A1819CD352500CA223E /* EFStartScene.sks */; };
		89104A1B19CD42CE00CA223E /* EFGameScene.sks in Resources */ = {isa = PBXBuildFile; fileRef = 89104A1A19CD42CE00CA223E /* EFGameScene.sks */; };
		892E07A119E4000600E4EA68 /* Images.xcassets in Resources */ = {isa = PBXBuildFile; fileRef = 892E07A019E4000600E4EA68 /* Images.xcassets */; };
		8954A32A19FE06CC002964D9 /* Fish1.atlas in Resources */ = {isa = PBXBuildFile; fileRef = 8954A32019FE06CC002964D9 /* Fish1.atlas */; };
		8954A32B19FE06CC002964D9 /* Fish2.atlas in Resources */ = {isa = PBXBuildFile; fileRef = 8954A32119FE06CC002964D9 /* Fish2.atlas */; };
		8954A32C19FE06CC002964D9 /* Fish3.atlas in Resources */ = {isa = PBXBuildFile; fileRef = 8954A32219FE06CC002964D9 /* Fish3.atlas */; };
		8954A32D19FE06CC002964D9 /* Fish4.atlas in Resources */ = {isa = PBXBuildFile; fileRef = 8954A32319FE06CC002964D9 /* Fish4.atlas */; };
		8954A32E19FE06CC002964D9 /* Fish5.atlas in Resources */ = {isa = PBXBuildFile; fileRef = 8954A32419FE06CC002964D9 /* Fish5.atlas */; };
		8954A32F19FE06CC002964D9 /* Fish6.atlas in Resources */ = {isa = PBXBuildFile; fileRef = 8954A32519FE06CC002964D9 /* Fish6.atlas */; };
		8954A33019FE06CC002964D9 /* jellyfish.atlas in Resources */ = {isa = PBXBuildFile; fileRef = 8954A32619FE06CC002964D9 /* jellyfish.atlas */; };
		8954A33119FE06CC002964D9 /* playerBFish.atlas in Resources */ = {isa = PBXBuildFile; fileRef = 8954A32719FE06CC002964D9 /* playerBFish.atlas */; };
		8954A33219FE06CC002964D9 /* playerFish.atlas in Resources */ = {isa = PBXBuildFile; fileRef = 8954A32819FE06CC002964D9 /* playerFish.atlas */; };
		8954A33319FE06CC002964D9 /* playerMFish.atlas in Resources */ = {isa = PBXBuildFile; fileRef = 8954A32919FE06CC002964D9 /* playerMFish.atlas */; };
		8954A33519FE0785002964D9 /* gold.atlas in Resources */ = {isa = PBXBuildFile; fileRef = 8954A33419FE0785002964D9 /* gold.atlas */; };
		8974EA4019D970C00079CED6 /* blister.png in Resources */ = {isa = PBXBuildFile; fileRef = 8974EA3F19D970C00079CED6 /* blister.png */; };
		8981D72E19E8E4C5002987C8 /* EFObjBaseEnemyFishNode.swift in Sources */ = {isa = PBXBuildFile; fileRef = 8981D72D19E8E4C5002987C8 /* EFObjBaseEnemyFishNode.swift */; };
		8999F18019DA3D41009B72CF /* OzgSwiftUtility.swift in Sources */ = {isa = PBXBuildFile; fileRef = 8999F17F19DA3D41009B72CF /* OzgSwiftUtility.swift */; };
		8999F18219DA3D61009B72CF /* OzgSKButtonNode.swift in Sources */ = {isa = PBXBuildFile; fileRef = 8999F18119DA3D61009B72CF /* OzgSKButtonNode.swift */; };
		89CCFE6619DAB73D00332828 /* InfoPlist.strings in Resources */ = {isa = PBXBuildFile; fileRef = 89CCFE6819DAB73D00332828 /* InfoPlist.strings */; };
		89CCFE6919DAB74300332828 /* Localizable.strings in Resources */ = {isa = PBXBuildFile; fileRef = 89CCFE6B19DAB74300332828 /* Localizable.strings */; };
		89EF312319E278A300CAFF3A /* OzgSKTextureManager.swift in Sources */ = {isa = PBXBuildFile; fileRef = 89EF312219E278A300CAFF3A /* OzgSKTextureManager.swift */; };
		89F995F019CD041400A91DEC /* AppDelegate.swift in Sources */ = {isa = PBXBuildFile; fileRef = 89F995EF19CD041400A91DEC /* AppDelegate.swift */; };
		89F995F619CD041400A91DEC /* GameViewController.swift in Sources */ = {isa = PBXBuildFile; fileRef = 89F995F519CD041400A91DEC /* GameViewController.swift */; };
		89F995F919CD041400A91DEC /* Main.storyboard in Resources */ = {isa = PBXBuildFile; fileRef = 89F995F719CD041400A91DEC /* Main.storyboard */; };
		89F995FE19CD041400A91DEC /* LaunchScreen.xib in Resources */ = {isa = PBXBuildFile; fileRef = 89F995FC19CD041400A91DEC /* LaunchScreen.xib */; };
		89F9960A19CD041400A91DEC /* OzgGameEatFishSwiftTests.swift in Sources */ = {isa = PBXBuildFile; fileRef = 89F9960919CD041400A91DEC /* OzgGameEatFishSwiftTests.swift */; };
		89F9961419CD047B00A91DEC /* EFBaseScene.swift in Sources */ = {isa = PBXBuildFile; fileRef = 89F9961319CD047B00A91DEC /* EFBaseScene.swift */; };
		89F9961619CD049B00A91DEC /* EFGameScene.swift in Sources */ = {isa = PBXBuildFile; fileRef = 89F9961519CD049B00A91DEC /* EFGameScene.swift */; };
		89F9961819CD04B100A91DEC /* EFStartScene.swift in Sources */ = {isa = PBXBuildFile; fileRef = 89F9961719CD04B100A91DEC /* EFStartScene.swift */; };
		89F9961A19CD04DB00A91DEC /* GameConfig.swift in Sources */ = {isa = PBXBuildFile; fileRef = 89F9961919CD04DB00A91DEC /* GameConfig.swift */; };
		89F9961C19CD051700A91DEC /* EFObjBaseFishNode.swift in Sources */ = {isa = PBXBuildFile; fileRef = 89F9961B19CD051700A91DEC /* EFObjBaseFishNode.swift */; };
		89F9961E19CD052400A91DEC /* EFObjFishData.swift in Sources */ = {isa = PBXBuildFile; fileRef = 89F9961D19CD052400A91DEC /* EFObjFishData.swift */; };
		89F9962219CD054700A91DEC /* EFObjJellyfishNode.swift in Sources */ = {isa = PBXBuildFile; fileRef = 89F9962119CD054700A91DEC /* EFObjJellyfishNode.swift */; };
		89F9962419CD055800A91DEC /* EFObjPlayerNode.swift in Sources */ = {isa = PBXBuildFile; fileRef = 89F9962319CD055800A91DEC /* EFObjPlayerNode.swift */; };
/* End PBXBuildFile section */

/* Begin PBXContainerItemProxy section */
		89F9960419CD041400A91DEC /* PBXContainerItemProxy */ = {
			isa = PBXContainerItemProxy;
			containerPortal = 89F995E219CD041300A91DEC /* Project object */;
			proxyType = 1;
			remoteGlobalIDString = 89F995E919CD041300A91DEC;
			remoteInfo = OzgGameEatFishSwift;
		};
/* End PBXContainerItemProxy section */

/* Begin PBXFileReference section */
		8905AB7A19D906F70006CF15 /* cump */ = {isa = PBXFileReference; lastKnownFileType = folder; name = cump; path = Resources/cump; sourceTree = "<group>"; };
		8905AB7C19D906F70006CF15 /* Fishtales */ = {isa = PBXFileReference; lastKnownFileType = folder; name = Fishtales; path = Resources/Fishtales; sourceTree = "<group>"; };
		891049DE19CD300000CA223E /* audios_bg.mp3 */ = {isa = PBXFileReference; lastKnownFileType = audio.mp3; name = audios_bg.mp3; path = Resources/audios_bg.mp3; sourceTree = "<group>"; };
		891049DF19CD300000CA223E /* audios_btn.wav */ = {isa = PBXFileReference; lastKnownFileType = audio.wav; name = audios_btn.wav; path = Resources/audios_btn.wav; sourceTree = "<group>"; };
		891049E019CD300000CA223E /* audios_complete.mp3 */ = {isa = PBXFileReference; lastKnownFileType = audio.mp3; name = audios_complete.mp3; path = Resources/audios_complete.mp3; sourceTree = "<group>"; };
		891049E119CD300000CA223E /* audios_eatfish1.mp3 */ = {isa = PBXFileReference; lastKnownFileType = audio.mp3; name = audios_eatfish1.mp3; path = Resources/audios_eatfish1.mp3; sourceTree = "<group>"; };
		891049E219CD300000CA223E /* audios_eatfish2.mp3 */ = {isa = PBXFileReference; lastKnownFileType = audio.mp3; name = audios_eatfish2.mp3; path = Resources/audios_eatfish2.mp3; sourceTree = "<group>"; };
		891049E319CD300000CA223E /* audios_eatgold.mp3 */ = {isa = PBXFileReference; lastKnownFileType = audio.mp3; name = audios_eatgold.mp3; path = Resources/audios_eatgold.mp3; sourceTree = "<group>"; };
		891049E419CD300000CA223E /* audios_fishstart.mp3 */ = {isa = PBXFileReference; lastKnownFileType = audio.mp3; name = audios_fishstart.mp3; path = Resources/audios_fishstart.mp3; sourceTree = "<group>"; };
		891049E519CD300000CA223E /* audios_growth.mp3 */ = {isa = PBXFileReference; lastKnownFileType = audio.mp3; name = audios_growth.mp3; path = Resources/audios_growth.mp3; sourceTree = "<group>"; };
		891049E619CD300000CA223E /* audios_jellyfish.mp3 */ = {isa = PBXFileReference; lastKnownFileType = audio.mp3; name = audios_jellyfish.mp3; path = Resources/audios_jellyfish.mp3; sourceTree = "<group>"; };
		891049E719CD300000CA223E /* audios_playbyeat.mp3 */ = {isa = PBXFileReference; lastKnownFileType = audio.mp3; name = audios_playbyeat.mp3; path = Resources/audios_playbyeat.mp3; sourceTree = "<group>"; };
		891049E819CD300000CA223E /* bg1.png */ = {isa = PBXFileReference; lastKnownFileType = image.png; name = bg1.png; path = Resources/bg1.png; sourceTree = "<group>"; };
		891049E919CD300000CA223E /* bg2.png */ = {isa = PBXFileReference; lastKnownFileType = image.png; name = bg2.png; path = Resources/bg2.png; sourceTree = "<group>"; };
		891049EA19CD300000CA223E /* bg3.png */ = {isa = PBXFileReference; lastKnownFileType = image.png; name = bg3.png; path = Resources/bg3.png; sourceTree = "<group>"; };
		891049EB19CD300000CA223E /* btn1_dw.png */ = {isa = PBXFileReference; lastKnownFileType = image.png; name = btn1_dw.png; path = Resources/btn1_dw.png; sourceTree = "<group>"; };
		891049EC19CD300000CA223E /* btn1_up.png */ = {isa = PBXFileReference; lastKnownFileType = image.png; name = btn1_up.png; path = Resources/btn1_up.png; sourceTree = "<group>"; };
		891049ED19CD300000CA223E /* btn2_dw.png */ = {isa = PBXFileReference; lastKnownFileType = image.png; name = btn2_dw.png; path = Resources/btn2_dw.png; sourceTree = "<group>"; };
		891049EE19CD300000CA223E /* btn2_up.png */ = {isa = PBXFileReference; lastKnownFileType = image.png; name = btn2_up.png; path = Resources/btn2_up.png; sourceTree = "<group>"; };
		891049EF19CD300000CA223E /* Default.png */ = {isa = PBXFileReference; lastKnownFileType = image.png; name = Default.png; path = Resources/Default.png; sourceTree = "<group>"; };
		891049F519CD300000CA223E /* pause_dw.png */ = {isa = PBXFileReference; lastKnownFileType = image.png; name = pause_dw.png; path = Resources/pause_dw.png; sourceTree = "<group>"; };
		891049F619CD300000CA223E /* pause_up.png */ = {isa = PBXFileReference; lastKnownFileType = image.png; name = pause_up.png; path = Resources/pause_up.png; sourceTree = "<group>"; };
		891049F719CD300000CA223E /* progressk.png */ = {isa = PBXFileReference; lastKnownFileType = image.png; name = progressk.png; path = Resources/progressk.png; sourceTree = "<group>"; };
		891049F819CD300000CA223E /* scene_start_title.png */ = {isa = PBXFileReference; lastKnownFileType = image.png; name = scene_start_title.png; path = Resources/scene_start_title.png; sourceTree = "<group>"; };
		89104A1619CD33C200CA223E /* EFObjEnemyFishNode.swift */ = {isa = PBXFileReference; fileEncoding = 4; lastKnownFileType = sourcecode.swift; path = EFObjEnemyFishNode.swift; sourceTree = "<group>"; };
		89104A1819CD352500CA223E /* EFStartScene.sks */ = {isa = PBXFileReference; lastKnownFileType = file.sks; path = EFStartScene.sks; sourceTree = "<group>"; };
		89104A1A19CD42CE00CA223E /* EFGameScene.sks */ = {isa = PBXFileReference; lastKnownFileType = file.sks; path = EFGameScene.sks; sourceTree = "<group>"; };
		892E07A019E4000600E4EA68 /* Images.xcassets */ = {isa = PBXFileReference; lastKnownFileType = folder.assetcatalog; path = Images.xcassets; sourceTree = "<group>"; };
		8954A32019FE06CC002964D9 /* Fish1.atlas */ = {isa = PBXFileReference; lastKnownFileType = folder.skatlas; name = Fish1.atlas; path = Resources/Fish1.atlas; sourceTree = "<group>"; };
		8954A32119FE06CC002964D9 /* Fish2.atlas */ = {isa = PBXFileReference; lastKnownFileType = folder.skatlas; name = Fish2.atlas; path = Resources/Fish2.atlas; sourceTree = "<group>"; };
		8954A32219FE06CC002964D9 /* Fish3.atlas */ = {isa = PBXFileReference; lastKnownFileType = folder.skatlas; name = Fish3.atlas; path = Resources/Fish3.atlas; sourceTree = "<group>"; };
		8954A32319FE06CC002964D9 /* Fish4.atlas */ = {isa = PBXFileReference; lastKnownFileType = folder.skatlas; name = Fish4.atlas; path = Resources/Fish4.atlas; sourceTree = "<group>"; };
		8954A32419FE06CC002964D9 /* Fish5.atlas */ = {isa = PBXFileReference; lastKnownFileType = folder.skatlas; name = Fish5.atlas; path = Resources/Fish5.atlas; sourceTree = "<group>"; };
		8954A32519FE06CC002964D9 /* Fish6.atlas */ = {isa = PBXFileReference; lastKnownFileType = folder.skatlas; name = Fish6.atlas; path = Resources/Fish6.atlas; sourceTree = "<group>"; };
		8954A32619FE06CC002964D9 /* jellyfish.atlas */ = {isa = PBXFileReference; lastKnownFileType = folder.skatlas; name = jellyfish.atlas; path = Resources/jellyfish.atlas; sourceTree = "<group>"; };
		8954A32719FE06CC002964D9 /* playerBFish.atlas */ = {isa = PBXFileReference; lastKnownFileType = folder.skatlas; name = playerBFish.atlas; path = Resources/playerBFish.atlas; sourceTree = "<group>"; };
		8954A32819FE06CC002964D9 /* playerFish.atlas */ = {isa = PBXFileReference; lastKnownFileType = folder.skatlas; name = playerFish.atlas; path = Resources/playerFish.atlas; sourceTree = "<group>"; };
		8954A32919FE06CC002964D9 /* playerMFish.atlas */ = {isa = PBXFileReference; lastKnownFileType = folder.skatlas; name = playerMFish.atlas; path = Resources/playerMFish.atlas; sourceTree = "<group>"; };
		8954A33419FE0785002964D9 /* gold.atlas */ = {isa = PBXFileReference; lastKnownFileType = folder.skatlas; name = gold.atlas; path = Resources/gold.atlas; sourceTree = "<group>"; };
		8974EA3F19D970C00079CED6 /* blister.png */ = {isa = PBXFileReference; lastKnownFileType = image.png; name = blister.png; path = Resources/blister.png; sourceTree = "<group>"; };
		8981D72D19E8E4C5002987C8 /* EFObjBaseEnemyFishNode.swift */ = {isa = PBXFileReference; fileEncoding = 4; lastKnownFileType = sourcecode.swift; path = EFObjBaseEnemyFishNode.swift; sourceTree = "<group>"; };
		8999F17F19DA3D41009B72CF /* OzgSwiftUtility.swift */ = {isa = PBXFileReference; fileEncoding = 4; lastKnownFileType = sourcecode.swift; path = OzgSwiftUtility.swift; sourceTree = "<group>"; };
		8999F18119DA3D61009B72CF /* OzgSKButtonNode.swift */ = {isa = PBXFileReference; fileEncoding = 4; lastKnownFileType = sourcecode.swift; path = OzgSKButtonNode.swift; sourceTree = "<group>"; };
		89CCFE6719DAB73D00332828 /* en */ = {isa = PBXFileReference; lastKnownFileType = text.plist.strings; name = en; path = en.lproj/InfoPlist.strings; sourceTree = "<group>"; };
		89CCFE6A19DAB74300332828 /* en */ = {isa = PBXFileReference; lastKnownFileType = text.plist.strings; name = en; path = en.lproj/Localizable.strings; sourceTree = "<group>"; };
		89EF312219E278A300CAFF3A /* OzgSKTextureManager.swift */ = {isa = PBXFileReference; fileEncoding = 4; lastKnownFileType = sourcecode.swift; path = OzgSKTextureManager.swift; sourceTree = "<group>"; };
		89F995EA19CD041300A91DEC /* OzgGameEatFishSwift.app */ = {isa = PBXFileReference; explicitFileType = wrapper.application; includeInIndex = 0; path = OzgGameEatFishSwift.app; sourceTree = BUILT_PRODUCTS_DIR; };
		89F995EE19CD041400A91DEC /* Info.plist */ = {isa = PBXFileReference; lastKnownFileType = text.plist.xml; path = Info.plist; sourceTree = "<group>"; };
		89F995EF19CD041400A91DEC /* AppDelegate.swift */ = {isa = PBXFileReference; lastKnownFileType = sourcecode.swift; path = AppDelegate.swift; sourceTree = "<group>"; };
		89F995F519CD041400A91DEC /* GameViewController.swift */ = {isa = PBXFileReference; lastKnownFileType = sourcecode.swift; path = GameViewController.swift; sourceTree = "<group>"; };
		89F995F819CD041400A91DEC /* Base */ = {isa = PBXFileReference; lastKnownFileType = file.storyboard; name = Base; path = Base.lproj/Main.storyboard; sourceTree = "<group>"; };
		89F995FD19CD041400A91DEC /* Base */ = {isa = PBXFileReference; lastKnownFileType = file.xib; name = Base; path = Base.lproj/LaunchScreen.xib; sourceTree = "<group>"; };
		89F9960319CD041400A91DEC /* OzgGameEatFishSwiftTests.xctest */ = {isa = PBXFileReference; explicitFileType = wrapper.cfbundle; includeInIndex = 0; path = OzgGameEatFishSwiftTests.xctest; sourceTree = BUILT_PRODUCTS_DIR; };
		89F9960819CD041400A91DEC /* Info.plist */ = {isa = PBXFileReference; lastKnownFileType = text.plist.xml; path = Info.plist; sourceTree = "<group>"; };
		89F9960919CD041400A91DEC /* OzgGameEatFishSwiftTests.swift */ = {isa = PBXFileReference; lastKnownFileType = sourcecode.swift; path = OzgGameEatFishSwiftTests.swift; sourceTree = "<group>"; };
		89F9961319CD047B00A91DEC /* EFBaseScene.swift */ = {isa = PBXFileReference; fileEncoding = 4; lastKnownFileType = sourcecode.swift; path = EFBaseScene.swift; sourceTree = "<group>"; };
		89F9961519CD049B00A91DEC /* EFGameScene.swift */ = {isa = PBXFileReference; fileEncoding = 4; lastKnownFileType = sourcecode.swift; path = EFGameScene.swift; sourceTree = "<group>"; };
		89F9961719CD04B100A91DEC /* EFStartScene.swift */ = {isa = PBXFileReference; fileEncoding = 4; lastKnownFileType = sourcecode.swift; path = EFStartScene.swift; sourceTree = "<group>"; };
		89F9961919CD04DB00A91DEC /* GameConfig.swift */ = {isa = PBXFileReference; fileEncoding = 4; lastKnownFileType = sourcecode.swift; path = GameConfig.swift; sourceTree = "<group>"; };
		89F9961B19CD051700A91DEC /* EFObjBaseFishNode.swift */ = {isa = PBXFileReference; fileEncoding = 4; lastKnownFileType = sourcecode.swift; path = EFObjBaseFishNode.swift; sourceTree = "<group>"; };
		89F9961D19CD052400A91DEC /* EFObjFishData.swift */ = {isa = PBXFileReference; fileEncoding = 4; lastKnownFileType = sourcecode.swift; path = EFObjFishData.swift; sourceTree = "<group>"; };
		89F9962119CD054700A91DEC /* EFObjJellyfishNode.swift */ = {isa = PBXFileReference; fileEncoding = 4; lastKnownFileType = sourcecode.swift; path = EFObjJellyfishNode.swift; sourceTree = "<group>"; };
		89F9962319CD055800A91DEC /* EFObjPlayerNode.swift */ = {isa = PBXFileReference; fileEncoding = 4; lastKnownFileType = sourcecode.swift; path = EFObjPlayerNode.swift; sourceTree = "<group>"; };
/* End PBXFileReference section */

/* Begin PBXFrameworksBuildPhase section */
		89F995E719CD041300A91DEC /* Frameworks */ = {
			isa = PBXFrameworksBuildPhase;
			buildActionMask = 2147483647;
			files = (
			);
			runOnlyForDeploymentPostprocessing = 0;
		};
		89F9960019CD041400A91DEC /* Frameworks */ = {
			isa = PBXFrameworksBuildPhase;
			buildActionMask = 2147483647;
			files = (
			);
			runOnlyForDeploymentPostprocessing = 0;
		};
/* End PBXFrameworksBuildPhase section */

/* Begin PBXGroup section */
		891049D719CD2FBD00CA223E /* Resources */ = {
			isa = PBXGroup;
			children = (
				8954A33419FE0785002964D9 /* gold.atlas */,
				8954A32019FE06CC002964D9 /* Fish1.atlas */,
				8954A32119FE06CC002964D9 /* Fish2.atlas */,
				8954A32219FE06CC002964D9 /* Fish3.atlas */,
				8954A32319FE06CC002964D9 /* Fish4.atlas */,
				8954A32419FE06CC002964D9 /* Fish5.atlas */,
				8954A32519FE06CC002964D9 /* Fish6.atlas */,
				8954A32619FE06CC002964D9 /* jellyfish.atlas */,
				8954A32719FE06CC002964D9 /* playerBFish.atlas */,
				8954A32819FE06CC002964D9 /* playerFish.atlas */,
				8954A32919FE06CC002964D9 /* playerMFish.atlas */,
				8905AB7A19D906F70006CF15 /* cump */,
				8905AB7C19D906F70006CF15 /* Fishtales */,
				891049DE19CD300000CA223E /* audios_bg.mp3 */,
				891049DF19CD300000CA223E /* audios_btn.wav */,
				891049E019CD300000CA223E /* audios_complete.mp3 */,
				891049E119CD300000CA223E /* audios_eatfish1.mp3 */,
				891049E219CD300000CA223E /* audios_eatfish2.mp3 */,
				891049E319CD300000CA223E /* audios_eatgold.mp3 */,
				891049E419CD300000CA223E /* audios_fishstart.mp3 */,
				891049E519CD300000CA223E /* audios_growth.mp3 */,
				891049E619CD300000CA223E /* audios_jellyfish.mp3 */,
				891049E719CD300000CA223E /* audios_playbyeat.mp3 */,
				89CCFE6119DAB6E700332828 /* strings */,
				891049E819CD300000CA223E /* bg1.png */,
				891049E919CD300000CA223E /* bg2.png */,
				891049EA19CD300000CA223E /* bg3.png */,
				8974EA3F19D970C00079CED6 /* blister.png */,
				891049EB19CD300000CA223E /* btn1_dw.png */,
				891049EC19CD300000CA223E /* btn1_up.png */,
				891049ED19CD300000CA223E /* btn2_dw.png */,
				891049EE19CD300000CA223E /* btn2_up.png */,
				891049EF19CD300000CA223E /* Default.png */,
				891049F519CD300000CA223E /* pause_dw.png */,
				891049F619CD300000CA223E /* pause_up.png */,
				891049F719CD300000CA223E /* progressk.png */,
				891049F819CD300000CA223E /* scene_start_title.png */,
			);
			name = Resources;
			sourceTree = "<group>";
		};
		89CCFE6119DAB6E700332828 /* strings */ = {
			isa = PBXGroup;
			children = (
				89CCFE6B19DAB74300332828 /* Localizable.strings */,
				89CCFE6819DAB73D00332828 /* InfoPlist.strings */,
			);
			name = strings;
			path = Resources/strings;
			sourceTree = "<group>";
		};
		89F995E119CD041300A91DEC = {
			isa = PBXGroup;
			children = (
				89F995EC19CD041300A91DEC /* OzgGameEatFishSwift */,
				89F9960619CD041400A91DEC /* OzgGameEatFishSwiftTests */,
				89F995EB19CD041300A91DEC /* Products */,
			);
			sourceTree = "<group>";
		};
		89F995EB19CD041300A91DEC /* Products */ = {
			isa = PBXGroup;
			children = (
				89F995EA19CD041300A91DEC /* OzgGameEatFishSwift.app */,
				89F9960319CD041400A91DEC /* OzgGameEatFishSwiftTests.xctest */,
			);
			name = Products;
			sourceTree = "<group>";
		};
		89F995EC19CD041300A91DEC /* OzgGameEatFishSwift */ = {
			isa = PBXGroup;
			children = (
				892E07A019E4000600E4EA68 /* Images.xcassets */,
				891049D719CD2FBD00CA223E /* Resources */,
				89F995EF19CD041400A91DEC /* AppDelegate.swift */,
				89F9961919CD04DB00A91DEC /* GameConfig.swift */,
				89F995F519CD041400A91DEC /* GameViewController.swift */,
				89F995F719CD041400A91DEC /* Main.storyboard */,
				89F995FC19CD041400A91DEC /* LaunchScreen.xib */,
				89F995ED19CD041300A91DEC /* Supporting Files */,
				89F9961319CD047B00A91DEC /* EFBaseScene.swift */,
				89104A1A19CD42CE00CA223E /* EFGameScene.sks */,
				89F9961519CD049B00A91DEC /* EFGameScene.swift */,
				89104A1819CD352500CA223E /* EFStartScene.sks */,
				89F9961719CD04B100A91DEC /* EFStartScene.swift */,
				89F9961D19CD052400A91DEC /* EFObjFishData.swift */,
				89F9961B19CD051700A91DEC /* EFObjBaseFishNode.swift */,
				8981D72D19E8E4C5002987C8 /* EFObjBaseEnemyFishNode.swift */,
				89F9962319CD055800A91DEC /* EFObjPlayerNode.swift */,
				89F9962119CD054700A91DEC /* EFObjJellyfishNode.swift */,
				89104A1619CD33C200CA223E /* EFObjEnemyFishNode.swift */,
				8999F17F19DA3D41009B72CF /* OzgSwiftUtility.swift */,
				8999F18119DA3D61009B72CF /* OzgSKButtonNode.swift */,
				89EF312219E278A300CAFF3A /* OzgSKTextureManager.swift */,
			);
			path = OzgGameEatFishSwift;
			sourceTree = "<group>";
		};
		89F995ED19CD041300A91DEC /* Supporting Files */ = {
			isa = PBXGroup;
			children = (
				89F995EE19CD041400A91DEC /* Info.plist */,
			);
			name = "Supporting Files";
			sourceTree = "<group>";
		};
		89F9960619CD041400A91DEC /* OzgGameEatFishSwiftTests */ = {
			isa = PBXGroup;
			children = (
				89F9960919CD041400A91DEC /* OzgGameEatFishSwiftTests.swift */,
				89F9960719CD041400A91DEC /* Supporting Files */,
			);
			path = OzgGameEatFishSwiftTests;
			sourceTree = "<group>";
		};
		89F9960719CD041400A91DEC /* Supporting Files */ = {
			isa = PBXGroup;
			children = (
				89F9960819CD041400A91DEC /* Info.plist */,
			);
			name = "Supporting Files";
			sourceTree = "<group>";
		};
/* End PBXGroup section */

/* Begin PBXNativeTarget section */
		89F995E919CD041300A91DEC /* OzgGameEatFishSwift */ = {
			isa = PBXNativeTarget;
			buildConfigurationList = 89F9960D19CD041400A91DEC /* Build configuration list for PBXNativeTarget "OzgGameEatFishSwift" */;
			buildPhases = (
				89F995E619CD041300A91DEC /* Sources */,
				89F995E719CD041300A91DEC /* Frameworks */,
				89F995E819CD041300A91DEC /* Resources */,
			);
			buildRules = (
			);
			dependencies = (
			);
			name = OzgGameEatFishSwift;
			productName = OzgGameEatFishSwift;
			productReference = 89F995EA19CD041300A91DEC /* OzgGameEatFishSwift.app */;
			productType = "com.apple.product-type.application";
		};
		89F9960219CD041400A91DEC /* OzgGameEatFishSwiftTests */ = {
			isa = PBXNativeTarget;
			buildConfigurationList = 89F9961019CD041400A91DEC /* Build configuration list for PBXNativeTarget "OzgGameEatFishSwiftTests" */;
			buildPhases = (
				89F995FF19CD041400A91DEC /* Sources */,
				89F9960019CD041400A91DEC /* Frameworks */,
				89F9960119CD041400A91DEC /* Resources */,
			);
			buildRules = (
			);
			dependencies = (
				89F9960519CD041400A91DEC /* PBXTargetDependency */,
			);
			name = OzgGameEatFishSwiftTests;
			productName = OzgGameEatFishSwiftTests;
			productReference = 89F9960319CD041400A91DEC /* OzgGameEatFishSwiftTests.xctest */;
			productType = "com.apple.product-type.bundle.unit-test";
		};
/* End PBXNativeTarget section */

/* Begin PBXProject section */
		89F995E219CD041300A91DEC /* Project object */ = {
			isa = PBXProject;
			attributes = {
				LastUpgradeCheck = 0600;
				ORGANIZATIONNAME = ozg;
				TargetAttributes = {
					89F995E919CD041300A91DEC = {
						CreatedOnToolsVersion = 6.0.1;
					};
					89F9960219CD041400A91DEC = {
						CreatedOnToolsVersion = 6.0.1;
						TestTargetID = 89F995E919CD041300A91DEC;
					};
				};
			};
			buildConfigurationList = 89F995E519CD041300A91DEC /* Build configuration list for PBXProject "OzgGameEatFishSwift" */;
			compatibilityVersion = "Xcode 3.2";
			developmentRegion = English;
			hasScannedForEncodings = 0;
			knownRegions = (
				en,
				Base,
			);
			mainGroup = 89F995E119CD041300A91DEC;
			productRefGroup = 89F995EB19CD041300A91DEC /* Products */;
			projectDirPath = "";
			projectRoot = "";
			targets = (
				89F995E919CD041300A91DEC /* OzgGameEatFishSwift */,
				89F9960219CD041400A91DEC /* OzgGameEatFishSwiftTests */,
			);
		};
/* End PBXProject section */

/* Begin PBXResourcesBuildPhase section */
		89F995E819CD041300A91DEC /* Resources */ = {
			isa = PBXResourcesBuildPhase;
			buildActionMask = 2147483647;
			files = (
				89104A0919CD300000CA223E /* btn2_up.png in Resources */,
				89104A1119CD300000CA223E /* pause_up.png in Resources */,
				8954A33219FE06CC002964D9 /* playerFish.atlas in Resources */,
				89104A0119CD300000CA223E /* audios_jellyfish.mp3 in Resources */,
				892E07A119E4000600E4EA68 /* Images.xcassets in Resources */,
				891049F919CD300000CA223E /* audios_bg.mp3 in Resources */,
				8954A32A19FE06CC002964D9 /* Fish1.atlas in Resources */,
				89104A0519CD300000CA223E /* bg3.png in Resources */,
				89104A0819CD300000CA223E /* btn2_dw.png in Resources */,
				89104A1919CD352500CA223E /* EFStartScene.sks in Resources */,
				8954A33519FE0785002964D9 /* gold.atlas in Resources */,
				8954A32B19FE06CC002964D9 /* Fish2.atlas in Resources */,
				8954A32E19FE06CC002964D9 /* Fish5.atlas in Resources */,
				8954A33319FE06CC002964D9 /* playerMFish.atlas in Resources */,
				8954A33019FE06CC002964D9 /* jellyfish.atlas in Resources */,
				8905AB7F19D906F70006CF15 /* Fishtales in Resources */,
				891049FC19CD300000CA223E /* audios_eatfish1.mp3 in Resources */,
				8905AB7D19D906F70006CF15 /* cump in Resources */,
				891049FE19CD300000CA223E /* audios_eatgold.mp3 in Resources */,
				891049FB19CD300000CA223E /* audios_complete.mp3 in Resources */,
				89104A1B19CD42CE00CA223E /* EFGameScene.sks in Resources */,
				891049FA19CD300000CA223E /* audios_btn.wav in Resources */,
				89104A0419CD300000CA223E /* bg2.png in Resources */,
				891049FD19CD300000CA223E /* audios_eatfish2.mp3 in Resources */,
				89104A0219CD300000CA223E /* audios_playbyeat.mp3 in Resources */,
				89F995FE19CD041400A91DEC /* LaunchScreen.xib in Resources */,
				89104A0319CD300000CA223E /* bg1.png in Resources */,
				8974EA4019D970C00079CED6 /* blister.png in Resources */,
				89CCFE6919DAB74300332828 /* Localizable.strings in Resources */,
				8954A32F19FE06CC002964D9 /* Fish6.atlas in Resources */,
				89104A1019CD300000CA223E /* pause_dw.png in Resources */,
				89104A0A19CD300000CA223E /* Default.png in Resources */,
				89CCFE6619DAB73D00332828 /* InfoPlist.strings in Resources */,
				891049FF19CD300000CA223E /* audios_fishstart.mp3 in Resources */,
				89104A0619CD300000CA223E /* btn1_dw.png in Resources */,
				89104A1319CD300000CA223E /* scene_start_title.png in Resources */,
				89104A1219CD300000CA223E /* progressk.png in Resources */,
				8954A33119FE06CC002964D9 /* playerBFish.atlas in Resources */,
				89104A0019CD300000CA223E /* audios_growth.mp3 in Resources */,
				89F995F919CD041400A91DEC /* Main.storyboard in Resources */,
				89104A0719CD300000CA223E /* btn1_up.png in Resources */,
				8954A32D19FE06CC002964D9 /* Fish4.atlas in Resources */,
				8954A32C19FE06CC002964D9 /* Fish3.atlas in Resources */,
			);
			runOnlyForDeploymentPostprocessing = 0;
		};
		89F9960119CD041400A91DEC /* Resources */ = {
			isa = PBXResourcesBuildPhase;
			buildActionMask = 2147483647;
			files = (
			);
			runOnlyForDeploymentPostprocessing = 0;
		};
/* End PBXResourcesBuildPhase section */

/* Begin PBXSourcesBuildPhase section */
		89F995E619CD041300A91DEC /* Sources */ = {
			isa = PBXSourcesBuildPhase;
			buildActionMask = 2147483647;
			files = (
				8999F18019DA3D41009B72CF /* OzgSwiftUtility.swift in Sources */,
				89F9962219CD054700A91DEC /* EFObjJellyfishNode.swift in Sources */,
				89F9961819CD04B100A91DEC /* EFStartScene.swift in Sources */,
				89F9961619CD049B00A91DEC /* EFGameScene.swift in Sources */,
				89F9961A19CD04DB00A91DEC /* GameConfig.swift in Sources */,
				89104A1719CD33C200CA223E /* EFObjEnemyFishNode.swift in Sources */,
				89F995F619CD041400A91DEC /* GameViewController.swift in Sources */,
				8999F18219DA3D61009B72CF /* OzgSKButtonNode.swift in Sources */,
				89F9961C19CD051700A91DEC /* EFObjBaseFishNode.swift in Sources */,
				8981D72E19E8E4C5002987C8 /* EFObjBaseEnemyFishNode.swift in Sources */,
				89F9961419CD047B00A91DEC /* EFBaseScene.swift in Sources */,
				89EF312319E278A300CAFF3A /* OzgSKTextureManager.swift in Sources */,
				89F995F019CD041400A91DEC /* AppDelegate.swift in Sources */,
				89F9961E19CD052400A91DEC /* EFObjFishData.swift in Sources */,
				89F9962419CD055800A91DEC /* EFObjPlayerNode.swift in Sources */,
			);
			runOnlyForDeploymentPostprocessing = 0;
		};
		89F995FF19CD041400A91DEC /* Sources */ = {
			isa = PBXSourcesBuildPhase;
			buildActionMask = 2147483647;
			files = (
				89F9960A19CD041400A91DEC /* OzgGameEatFishSwiftTests.swift in Sources */,
			);
			runOnlyForDeploymentPostprocessing = 0;
		};
/* End PBXSourcesBuildPhase section */

/* Begin PBXTargetDependency section */
		89F9960519CD041400A91DEC /* PBXTargetDependency */ = {
			isa = PBXTargetDependency;
			target = 89F995E919CD041300A91DEC /* OzgGameEatFishSwift */;
			targetProxy = 89F9960419CD041400A91DEC /* PBXContainerItemProxy */;
		};
/* End PBXTargetDependency section */

/* Begin PBXVariantGroup section */
		89CCFE6819DAB73D00332828 /* InfoPlist.strings */ = {
			isa = PBXVariantGroup;
			children = (
				89CCFE6719DAB73D00332828 /* en */,
			);
			name = InfoPlist.strings;
			sourceTree = "<group>";
		};
		89CCFE6B19DAB74300332828 /* Localizable.strings */ = {
			isa = PBXVariantGroup;
			children = (
				89CCFE6A19DAB74300332828 /* en */,
			);
			name = Localizable.strings;
			sourceTree = "<group>";
		};
		89F995F719CD041400A91DEC /* Main.storyboard */ = {
			isa = PBXVariantGroup;
			children = (
				89F995F819CD041400A91DEC /* Base */,
			);
			name = Main.storyboard;
			sourceTree = "<group>";
		};
		89F995FC19CD041400A91DEC /* LaunchScreen.xib */ = {
			isa = PBXVariantGroup;
			children = (
				89F995FD19CD041400A91DEC /* Base */,
			);
			name = LaunchScreen.xib;
			sourceTree = "<group>";
		};
/* End PBXVariantGroup section */

/* Begin XCBuildConfiguration section */
		89F9960B19CD041400A91DEC /* Debug */ = {
			isa = XCBuildConfiguration;
			buildSettings = {
				ALWAYS_SEARCH_USER_PATHS = NO;
				CLANG_CXX_LANGUAGE_STANDARD = "gnu++0x";
				CLANG_CXX_LIBRARY = "libc++";
				CLANG_ENABLE_MODULES = YES;
				CLANG_ENABLE_OBJC_ARC = YES;
				CLANG_WARN_BOOL_CONVERSION = YES;
				CLANG_WARN_CONSTANT_CONVERSION = YES;
				CLANG_WARN_DIRECT_OBJC_ISA_USAGE = YES_ERROR;
				CLANG_WARN_EMPTY_BODY = YES;
				CLANG_WARN_ENUM_CONVERSION = YES;
				CLANG_WARN_INT_CONVERSION = YES;
				CLANG_WARN_OBJC_ROOT_CLASS = YES_ERROR;
				CLANG_WARN_UNREACHABLE_CODE = YES;
				CLANG_WARN__DUPLICATE_METHOD_MATCH = YES;
				"CODE_SIGN_IDENTITY[sdk=iphoneos*]" = "iPhone Developer";
				COPY_PHASE_STRIP = NO;
				ENABLE_STRICT_OBJC_MSGSEND = YES;
				GCC_C_LANGUAGE_STANDARD = gnu99;
				GCC_DYNAMIC_NO_PIC = NO;
				GCC_OPTIMIZATION_LEVEL = 0;
				GCC_PREPROCESSOR_DEFINITIONS = (
					"DEBUG=1",
					"$(inherited)",
				);
				GCC_SYMBOLS_PRIVATE_EXTERN = NO;
				GCC_WARN_64_TO_32_BIT_CONVERSION = YES;
				GCC_WARN_ABOUT_RETURN_TYPE = YES_ERROR;
				GCC_WARN_UNDECLARED_SELECTOR = YES;
				GCC_WARN_UNINITIALIZED_AUTOS = YES_AGGRESSIVE;
				GCC_WARN_UNUSED_FUNCTION = YES;
				GCC_WARN_UNUSED_VARIABLE = YES;
				IPHONEOS_DEPLOYMENT_TARGET = 8.0;
				MTL_ENABLE_DEBUG_INFO = YES;
				ONLY_ACTIVE_ARCH = YES;
				SDKROOT = iphoneos;
				SWIFT_OPTIMIZATION_LEVEL = "-Onone";
				TARGETED_DEVICE_FAMILY = "1,2";
			};
			name = Debug;
		};
		89F9960C19CD041400A91DEC /* Release */ = {
			isa = XCBuildConfiguration;
			buildSettings = {
				ALWAYS_SEARCH_USER_PATHS = NO;
				CLANG_CXX_LANGUAGE_STANDARD = "gnu++0x";
				CLANG_CXX_LIBRARY = "libc++";
				CLANG_ENABLE_MODULES = YES;
				CLANG_ENABLE_OBJC_ARC = YES;
				CLANG_WARN_BOOL_CONVERSION = YES;
				CLANG_WARN_CONSTANT_CONVERSION = YES;
				CLANG_WARN_DIRECT_OBJC_ISA_USAGE = YES_ERROR;
				CLANG_WARN_EMPTY_BODY = YES;
				CLANG_WARN_ENUM_CONVERSION = YES;
				CLANG_WARN_INT_CONVERSION = YES;
				CLANG_WARN_OBJC_ROOT_CLASS = YES_ERROR;
				CLANG_WARN_UNREACHABLE_CODE = YES;
				CLANG_WARN__DUPLICATE_METHOD_MATCH = YES;
				"CODE_SIGN_IDENTITY[sdk=iphoneos*]" = "iPhone Developer";
				COPY_PHASE_STRIP = YES;
				ENABLE_NS_ASSERTIONS = NO;
				ENABLE_STRICT_OBJC_MSGSEND = YES;
				GCC_C_LANGUAGE_STANDARD = gnu99;
				GCC_WARN_64_TO_32_BIT_CONVERSION = YES;
				GCC_WARN_ABOUT_RETURN_TYPE = YES_ERROR;
				GCC_WARN_UNDECLARED_SELECTOR = YES;
				GCC_WARN_UNINITIALIZED_AUTOS = YES_AGGRESSIVE;
				GCC_WARN_UNUSED_FUNCTION = YES;
				GCC_WARN_UNUSED_VARIABLE = YES;
				IPHONEOS_DEPLOYMENT_TARGET = 8.0;
				MTL_ENABLE_DEBUG_INFO = NO;
				SDKROOT = iphoneos;
				TARGETED_DEVICE_FAMILY = "1,2";
				VALIDATE_PRODUCT = YES;
			};
			name = Release;
		};
		89F9960E19CD041400A91DEC /* Debug */ = {
			isa = XCBuildConfiguration;
			buildSettings = {
				ASSETCATALOG_COMPILER_APPICON_NAME = AppIcon;
				INFOPLIST_FILE = OzgGameEatFishSwift/Info.plist;
				LD_RUNPATH_SEARCH_PATHS = "$(inherited) @executable_path/Frameworks";
				PRODUCT_NAME = "$(TARGET_NAME)";
			};
			name = Debug;
		};
		89F9960F19CD041400A91DEC /* Release */ = {
			isa = XCBuildConfiguration;
			buildSettings = {
				ASSETCATALOG_COMPILER_APPICON_NAME = AppIcon;
				INFOPLIST_FILE = OzgGameEatFishSwift/Info.plist;
				LD_RUNPATH_SEARCH_PATHS = "$(inherited) @executable_path/Frameworks";
				PRODUCT_NAME = "$(TARGET_NAME)";
			};
			name = Release;
		};
		89F9961119CD041400A91DEC /* Debug */ = {
			isa = XCBuildConfiguration;
			buildSettings = {
				BUNDLE_LOADER = "$(TEST_HOST)";
				FRAMEWORK_SEARCH_PATHS = (
					"$(SDKROOT)/Developer/Library/Frameworks",
					"$(inherited)",
				);
				GCC_PREPROCESSOR_DEFINITIONS = (
					"DEBUG=1",
					"$(inherited)",
				);
				INFOPLIST_FILE = OzgGameEatFishSwiftTests/Info.plist;
				LD_RUNPATH_SEARCH_PATHS = "$(inherited) @executable_path/Frameworks @loader_path/Frameworks";
				PRODUCT_NAME = "$(TARGET_NAME)";
				TEST_HOST = "$(BUILT_PRODUCTS_DIR)/OzgGameEatFishSwift.app/OzgGameEatFishSwift";
			};
			name = Debug;
		};
		89F9961219CD041400A91DEC /* Release */ = {
			isa = XCBuildConfiguration;
			buildSettings = {
				BUNDLE_LOADER = "$(TEST_HOST)";
				FRAMEWORK_SEARCH_PATHS = (
					"$(SDKROOT)/Developer/Library/Frameworks",
					"$(inherited)",
				);
				INFOPLIST_FILE = OzgGameEatFishSwiftTests/Info.plist;
				LD_RUNPATH_SEARCH_PATHS = "$(inherited) @executable_path/Frameworks @loader_path/Frameworks";
				PRODUCT_NAME = "$(TARGET_NAME)";
				TEST_HOST = "$(BUILT_PRODUCTS_DIR)/OzgGameEatFishSwift.app/OzgGameEatFishSwift";
			};
			name = Release;
		};
/* End XCBuildConfiguration section */

/* Begin XCConfigurationList section */
		89F995E519CD041300A91DEC /* Build configuration list for PBXProject "OzgGameEatFishSwift" */ = {
			isa = XCConfigurationList;
			buildConfigurations = (
				89F9960B19CD041400A91DEC /* Debug */,
				89F9960C19CD041400A91DEC /* Release */,
			);
			defaultConfigurationIsVisible = 0;
			defaultConfigurationName = Release;
		};
		89F9960D19CD041400A91DEC /* Build configuration list for PBXNativeTarget "OzgGameEatFishSwift" */ = {
			isa = XCConfigurationList;
			buildConfigurations = (
				89F9960E19CD041400A91DEC /* Debug */,
				89F9960F19CD041400A91DEC /* Release */,
			);
			defaultConfigurationIsVisible = 0;
			defaultConfigurationName = Release;
		};
		89F9961019CD041400A91DEC /* Build configuration list for PBXNativeTarget "OzgGameEatFishSwiftTests" */ = {
			isa = XCConfigurationList;
			buildConfigurations = (
				89F9961119CD041400A91DEC /* Debug */,
				89F9961219CD041400A91DEC /* Release */,
			);
			defaultConfigurationIsVisible = 0;
			defaultConfigurationName = Release;
		};
/* End XCConfigurationList section */
	};
	rootObject = 89F995E219CD041300A91DEC /* Project object */;
}
